github.com/hsiaosiyuan0/mole v0.0.9 h1:wfZP2hEgTx9kCL4JpDErRcHOYqcbf3mSiGbjU1J60AU=
github.com/hsiaosiyuan0/mole v0.0.9/go.mod h1:lU3dtvYdCaoXA8QGhcthHL/MFSjnQWIXQy1fti2ZrA8=
github.com/hsiaosiyuan0/mole v0.0.10 h1:NbpBXbp85QCGRd6zIEfWHNyFcJUwmuqDN0amtNqFAwc=
github.com/hsiaosiyuan0/mole v0.0.10/go.mod h1:lU3dtvYdCaoXA8QGhcthHL/MFSjnQWIXQy1fti2ZrA8=
